
Microsoft Visual Studio Solution File, Format Version 12.00
# Visual Studio Version 16
VisualStudioVersion = 16.0.29806.167
MinimumVisualStudioVersion = 10.0.40219.1
Project("{FAE04EC0-301F-11D3-BF4B-00C04F79EFBC}") = "MultiInheritanceBridgeWorkaround", "MultiInheritanceBridgeWorkaround.csproj", "{72245A04-7C86-42E1-A6F0-79B6CC8B8508}"
EndProject
Project("{2150E333-8FDC-42A3-9474-1A3956D46DE8}") = "Solution Items", "Solution Items", "{76B99AD2-042D-4D98-86E8-F9F18383AAB8}"
	ProjectSection(SolutionItems) = preProject
		README.md = README.md
	EndProjectSection
EndProject
Global
	GlobalSection(SolutionConfigurationPlatforms) = preSolution
		Debug|Any CPU = Debug|Any CPU
		Release|Any CPU = Release|Any CPU
	EndGlobalSection
	GlobalSection(ProjectConfigurationPlatforms) = postSolution
		{72245A04-7C86-42E1-A6F0-79B6CC8B8508}.Debug|Any CPU.ActiveCfg = Debug|Any CPU
		{72245A04-7C86-42E1-A6F0-79B6CC8B8508}.Debug|Any CPU.Build.0 = Debug|Any CPU
		{72245A04-7C86-42E1-A6F0-79B6CC8B8508}.Release|Any CPU.ActiveCfg = Release|Any CPU
		{72245A04-7C86-42E1-A6F0-79B6CC8B8508}.Release|Any CPU.Build.0 = Release|Any CPU
	EndGlobalSection
	GlobalSection(SolutionProperties) = preSolution
		HideSolutionNode = FALSE
	EndGlobalSection
	GlobalSection(ExtensibilityGlobals) = postSolution
		SolutionGuid = {BF6882BD-8267-4499-A8BA-B6FCC816A774}
	EndGlobalSection
EndGlobal
